
Microsoft Visual Studio Solution File, Format Version 12.00
# Visual Studio Version 17
VisualStudioVersion = 17.7.34202.233
MinimumVisualStudioVersion = 10.0.40219.1
Project("{F184B08F-C81C-45F6-A57F-5ABD9991F28F}") = "InventorySystemforSneakersBusiness", "InventorySystemforSneakersBusiness\InventorySystemforSneakersBusiness.vbproj", "{54231F50-624C-4BB2-A5DB-C978BD749613}"
EndProject
Global
	GlobalSection(SolutionConfigurationPlatforms) = preSolution
		Debug|Any CPU = Debug|Any CPU
		Release|Any CPU = Release|Any CPU
	EndGlobalSection
	GlobalSection(ProjectConfigurationPlatforms) = postSolution
		{54231F50-624C-4BB2-A5DB-C978BD749613}.Debug|Any CPU.ActiveCfg = Debug|Any CPU
		{54231F50-624C-4BB2-A5DB-C978BD749613}.Debug|Any CPU.Build.0 = Debug|Any CPU
		{54231F50-624C-4BB2-A5DB-C978BD749613}.Release|Any CPU.ActiveCfg = Release|Any CPU
		{54231F50-624C-4BB2-A5DB-C978BD749613}.Release|Any CPU.Build.0 = Release|Any CPU
	EndGlobalSection
	GlobalSection(SolutionProperties) = preSolution
		HideSolutionNode = FALSE
	EndGlobalSection
	GlobalSection(ExtensibilityGlobals) = postSolution
		SolutionGuid = {3BB74218-4BC6-4E5C-BA17-111B5E148ACE}
	EndGlobalSection
EndGlobal
